
Microsoft Visual Studio Solution File, Format Version 12.00
# Visual Studio Version 17
VisualStudioVersion = 17.11.35327.3
MinimumVisualStudioVersion = 10.0.40219.1
Project("{FAE04EC0-301F-11D3-BF4B-00C04F79EFBC}") = "DataverseWebApiBlazorServerQuickStart", "DataverseWebApiBlazorServerQuickStart.csproj", "{33A2D527-9BEA-452F-8F9D-F7E7B7CC8C9F}"
EndProject
Global
	GlobalSection(SolutionConfigurationPlatforms) = preSolution
		Debug|Any CPU = Debug|Any CPU
		Release|Any CPU = Release|Any CPU
	EndGlobalSection
	GlobalSection(ProjectConfigurationPlatforms) = postSolution
		{33A2D527-9BEA-452F-8F9D-F7E7B7CC8C9F}.Debug|Any CPU.ActiveCfg = Debug|Any CPU
		{33A2D527-9BEA-452F-8F9D-F7E7B7CC8C9F}.Debug|Any CPU.Build.0 = Debug|Any CPU
		{33A2D527-9BEA-452F-8F9D-F7E7B7CC8C9F}.Release|Any CPU.ActiveCfg = Release|Any CPU
		{33A2D527-9BEA-452F-8F9D-F7E7B7CC8C9F}.Release|Any CPU.Build.0 = Release|Any CPU
	EndGlobalSection
	GlobalSection(SolutionProperties) = preSolution
		HideSolutionNode = FALSE
	EndGlobalSection
	GlobalSection(ExtensibilityGlobals) = postSolution
		SolutionGuid = {42598178-E06D-4B4E-AA90-0FC58F828241}
	EndGlobalSection
EndGlobal
